
Microsoft Visual Studio Solution File, Format Version 12.00
# Visual Studio 15
VisualStudioVersion = 15.0.28307.102
MinimumVisualStudioVersion = 10.0.40219.1
Project("{FAE04EC0-301F-11D3-BF4B-00C04F79EFBC}") = "EPClient", "EPClient\EPClient.csproj", "{A34ACBA8-8FBB-446D-8B8C-910162E76B13}"
EndProject
Project("{FAE04EC0-301F-11D3-BF4B-00C04F79EFBC}") = "BitbucketApi", "BitbucketApi\BitbucketApi.csproj", "{3247F3FF-2E4D-4F27-9458-72CEC686611A}"
EndProject
Global
	GlobalSection(SolutionConfigurationPlatforms) = preSolution
		Debug|Any CPU = Debug|Any CPU
		Release|Any CPU = Release|Any CPU
	EndGlobalSection
	GlobalSection(ProjectConfigurationPlatforms) = postSolution
		{A34ACBA8-8FBB-446D-8B8C-910162E76B13}.Debug|Any CPU.ActiveCfg = Debug|Any CPU
		{A34ACBA8-8FBB-446D-8B8C-910162E76B13}.Debug|Any CPU.Build.0 = Debug|Any CPU
		{A34ACBA8-8FBB-446D-8B8C-910162E76B13}.Release|Any CPU.ActiveCfg = Release|Any CPU
		{A34ACBA8-8FBB-446D-8B8C-910162E76B13}.Release|Any CPU.Build.0 = Release|Any CPU
		{3247F3FF-2E4D-4F27-9458-72CEC686611A}.Debug|Any CPU.ActiveCfg = Debug|Any CPU
		{3247F3FF-2E4D-4F27-9458-72CEC686611A}.Debug|Any CPU.Build.0 = Debug|Any CPU
		{3247F3FF-2E4D-4F27-9458-72CEC686611A}.Release|Any CPU.ActiveCfg = Release|Any CPU
		{3247F3FF-2E4D-4F27-9458-72CEC686611A}.Release|Any CPU.Build.0 = Release|Any CPU
	EndGlobalSection
	GlobalSection(SolutionProperties) = preSolution
		HideSolutionNode = FALSE
	EndGlobalSection
	GlobalSection(ExtensibilityGlobals) = postSolution
		SolutionGuid = {3EEB502C-549C-40B2-9B44-24F9F13BF4CC}
	EndGlobalSection
EndGlobal
